// !$*UTF8*$!
{
	archiveVersion = 1;
	classes = {
	};
	objectVersion = 46;
	objects = {

/* Begin PBXFileReference section */
		7373B64D192B739100A9A99F /* network_io_socket.c */ = {isa = PBXFileReference; lastKnownFileType = sourcecode.c.c; path = network_io_socket.c; sourceTree = "<group>"; };
		7373B64E192B739100A9A99F /* network_io_tcp.c */ = {isa = PBXFileReference; lastKnownFileType = sourcecode.c.c; path = network_io_tcp.c; sourceTree = "<group>"; };
		7373B64F192B739100A9A99F /* proxyget.c */ = {isa = PBXFileReference; lastKnownFileType = sourcecode.c.c; path = proxyget.c; sourceTree = "<group>"; };
		7373B650192B739100A9A99F /* proxy.a */ = {isa = PBXFileReference; lastKnownFileType = archive.ar; path = proxy.a; sourceTree = "<group>"; };
		7373B651192B739100A9A99F /* Makefile */ = {isa = PBXFileReference; lastKnownFileType = sourcecode.make; path = Makefile; sourceTree = "<group>"; };
		7373B652192B739100A9A99F /* proxyget.h */ = {isa = PBXFileReference; lastKnownFileType = sourcecode.c.h; path = proxyget.h; sourceTree = "<group>"; };
		7373B653192B739100A9A99F /* client.c */ = {isa = PBXFileReference; lastKnownFileType = sourcecode.c.c; path = client.c; sourceTree = "<group>"; };
		7373B654192B739100A9A99F /* connection_demux.c */ = {isa = PBXFileReference; lastKnownFileType = sourcecode.c.c; path = connection_demux.c; sourceTree = "<group>"; };
		7373B655192B739100A9A99F /* connection_demux.h */ = {isa = PBXFileReference; lastKnownFileType = sourcecode.c.h; path = connection_demux.h; sourceTree = "<group>"; };
		7373B656192B739100A9A99F /* ENVCFG.MK */ = {isa = PBXFileReference; lastKnownFileType = text; path = ENVCFG.MK; sourceTree = "<group>"; };
		7373B657192B739100A9A99F /* mysock_api.c */ = {isa = PBXFileReference; lastKnownFileType = sourcecode.c.c; path = mysock_api.c; sourceTree = "<group>"; };
		7373B658192B739100A9A99F /* mysock_hash.h */ = {isa = PBXFileReference; lastKnownFileType = sourcecode.c.h; path = mysock_hash.h; sourceTree = "<group>"; };
		7373B659192B739100A9A99F /* mysock_impl.h */ = {isa = PBXFileReference; lastKnownFileType = sourcecode.c.h; path = mysock_impl.h; sourceTree = "<group>"; };
		7373B65A192B739100A9A99F /* mysock.c */ = {isa = PBXFileReference; lastKnownFileType = sourcecode.c.c; path = mysock.c; sourceTree = "<group>"; };
		7373B65B192B739100A9A99F /* mysock.h */ = {isa = PBXFileReference; lastKnownFileType = sourcecode.c.h; path = mysock.h; sourceTree = "<group>"; };
		7373B65C192B739100A9A99F /* network_io_socket.h */ = {isa = PBXFileReference; lastKnownFileType = sourcecode.c.h; path = network_io_socket.h; sourceTree = "<group>"; };
		7373B65D192B739100A9A99F /* network_io.c */ = {isa = PBXFileReference; lastKnownFileType = sourcecode.c.c; path = network_io.c; sourceTree = "<group>"; };
		7373B65E192B739100A9A99F /* network_io.h */ = {isa = PBXFileReference; lastKnownFileType = sourcecode.c.h; path = network_io.h; sourceTree = "<group>"; };
		7373B65F192B739100A9A99F /* network.c */ = {isa = PBXFileReference; lastKnownFileType = sourcecode.c.c; path = network.c; sourceTree = "<group>"; };
		7373B660192B739100A9A99F /* network.h */ = {isa = PBXFileReference; lastKnownFileType = sourcecode.c.h; path = network.h; sourceTree = "<group>"; };
		7373B661192B739100A9A99F /* server.c */ = {isa = PBXFileReference; lastKnownFileType = sourcecode.c.c; path = server.c; sourceTree = "<group>"; };
		7373B662192B739100A9A99F /* stcp_api.c */ = {isa = PBXFileReference; lastKnownFileType = sourcecode.c.c; path = stcp_api.c; sourceTree = "<group>"; };
		7373B663192B739100A9A99F /* stcp_api.h */ = {isa = PBXFileReference; lastKnownFileType = sourcecode.c.h; path = stcp_api.h; sourceTree = "<group>"; };
		7373B664192B739100A9A99F /* tcp_sum.c */ = {isa = PBXFileReference; lastKnownFileType = sourcecode.c.c; path = tcp_sum.c; sourceTree = "<group>"; };
		7373B665192B739100A9A99F /* tcp_sum.h */ = {isa = PBXFileReference; lastKnownFileType = sourcecode.c.h; path = tcp_sum.h; sourceTree = "<group>"; };
		7373B666192B739100A9A99F /* transport.h */ = {isa = PBXFileReference; lastKnownFileType = sourcecode.c.h; path = transport.h; sourceTree = "<group>"; };
		7373B667192B739100A9A99F /* transport.c */ = {isa = PBXFileReference; lastKnownFileType = sourcecode.c.c; path = transport.c; sourceTree = "<group>"; };
/* End PBXFileReference section */

/* Begin PBXGroup section */
		7373B646192B736C00A9A99F = {
			isa = PBXGroup;
			children = (
				7373B64D192B739100A9A99F /* network_io_socket.c */,
				7373B64E192B739100A9A99F /* network_io_tcp.c */,
				7373B64F192B739100A9A99F /* proxyget.c */,
				7373B650192B739100A9A99F /* proxy.a */,
				7373B651192B739100A9A99F /* Makefile */,
				7373B652192B739100A9A99F /* proxyget.h */,
				7373B653192B739100A9A99F /* client.c */,
				7373B654192B739100A9A99F /* connection_demux.c */,
				7373B655192B739100A9A99F /* connection_demux.h */,
				7373B656192B739100A9A99F /* ENVCFG.MK */,
				7373B657192B739100A9A99F /* mysock_api.c */,
				7373B658192B739100A9A99F /* mysock_hash.h */,
				7373B659192B739100A9A99F /* mysock_impl.h */,
				7373B65A192B739100A9A99F /* mysock.c */,
				7373B65B192B739100A9A99F /* mysock.h */,
				7373B65C192B739100A9A99F /* network_io_socket.h */,
				7373B65D192B739100A9A99F /* network_io.c */,
				7373B65E192B739100A9A99F /* network_io.h */,
				7373B65F192B739100A9A99F /* network.c */,
				7373B660192B739100A9A99F /* network.h */,
				7373B661192B739100A9A99F /* server.c */,
				7373B662192B739100A9A99F /* stcp_api.c */,
				7373B663192B739100A9A99F /* stcp_api.h */,
				7373B664192B739100A9A99F /* tcp_sum.c */,
				7373B665192B739100A9A99F /* tcp_sum.h */,
				7373B666192B739100A9A99F /* transport.h */,
				7373B667192B739100A9A99F /* transport.c */,
			);
			sourceTree = "<group>";
		};
/* End PBXGroup section */

/* Begin PBXProject section */
		7373B647192B736C00A9A99F /* Project object */ = {
			isa = PBXProject;
			attributes = {
				LastUpgradeCheck = 0460;
			};
			buildConfigurationList = 7373B64A192B736C00A9A99F /* Build configuration list for PBXProject "STCP" */;
			compatibilityVersion = "Xcode 3.2";
			developmentRegion = English;
			hasScannedForEncodings = 0;
			knownRegions = (
				en,
			);
			mainGroup = 7373B646192B736C00A9A99F;
			projectDirPath = "";
			projectRoot = "";
			targets = (
			);
		};
/* End PBXProject section */

/* Begin XCBuildConfiguration section */
		7373B64B192B736C00A9A99F /* Debug */ = {
			isa = XCBuildConfiguration;
			buildSettings = {
			};
			name = Debug;
		};
		7373B64C192B736C00A9A99F /* Release */ = {
			isa = XCBuildConfiguration;
			buildSettings = {
			};
			name = Release;
		};
/* End XCBuildConfiguration section */

/* Begin XCConfigurationList section */
		7373B64A192B736C00A9A99F /* Build configuration list for PBXProject "STCP" */ = {
			isa = XCConfigurationList;
			buildConfigurations = (
				7373B64B192B736C00A9A99F /* Debug */,
				7373B64C192B736C00A9A99F /* Release */,
			);
			defaultConfigurationIsVisible = 0;
			defaultConfigurationName = Release;
		};
/* End XCConfigurationList section */
	};
	rootObject = 7373B647192B736C00A9A99F /* Project object */;
}
